version = 1
requires-python = ">=3.12"

[[package]]
name = "anyio"
version = "4.4.0"
source = { registry = "https://pypi.org/simple" }
dependencies = [
    { name = "idna" },
    { name = "sniffio" },
]
sdist = { url = "https://files.pythonhosted.org/packages/e6/e3/c4c8d473d6780ef1853d630d581f70d655b4f8d7553c6997958c283039a2/anyio-4.4.0.tar.gz", hash = "sha256:5aadc6a1bbb7cdb0bede386cac5e2940f5e2ff3aa20277e991cf028e0585ce94", size = 163930 }
wheels = [
    { url = "https://files.pythonhosted.org/packages/7b/a2/10639a79341f6c019dedc95bd48a4928eed9f1d1197f4c04f546fc7ae0ff/anyio-4.4.0-py3-none-any.whl", hash = "sha256:c1b2d8f46a8a812513012e1107cb0e68c17159a7a594208005a57dc776e1bdc7", size = 86780 },
]

[[package]]
name = "certifi"
version = "2024.7.4"
source = { registry = "https://pypi.org/simple" }
sdist = { url = "https://files.pythonhosted.org/packages/c2/02/a95f2b11e207f68bc64d7aae9666fed2e2b3f307748d5123dffb72a1bbea/certifi-2024.7.4.tar.gz", hash = "sha256:5a1e7645bc0ec61a09e26c36f6106dd4cf40c6db3a1fb6352b0244e7fb057c7b", size = 164065 }
wheels = [
    { url = "https://files.pythonhosted.org/packages/1c/d5/c84e1a17bf61d4df64ca866a1c9a913874b4e9bdc131ec689a0ad013fb36/certifi-2024.7.4-py3-none-any.whl", hash = "sha256:c198e21b1289c2ab85ee4e67bb4b4ef3ead0892059901a8d5b622f24a1101e90", size = 162960 },
]

[[package]]
name = "cffi"
version = "1.17.0"
source = { registry = "https://pypi.org/simple" }
dependencies = [
    { name = "pycparser" },
]
sdist = { url = "https://files.pythonhosted.org/packages/1e/bf/82c351342972702867359cfeba5693927efe0a8dd568165490144f554b18/cffi-1.17.0.tar.gz", hash = "sha256:f3157624b7558b914cb039fd1af735e5e8049a87c817cc215109ad1c8779df76", size = 516073 }
wheels = [
    { url = "https://files.pythonhosted.org/packages/1a/1f/7862231350cc959a3138889d2c8d33da7042b22e923457dfd4cd487d772a/cffi-1.17.0-cp312-cp312-macosx_10_9_x86_64.whl", hash = "sha256:aec510255ce690d240f7cb23d7114f6b351c733a74c279a84def763660a2c3bc", size = 182826 },
    { url = "https://files.pythonhosted.org/packages/8b/8c/26119bf8b79e05a1c39812064e1ee7981e1f8a5372205ba5698ea4dd958d/cffi-1.17.0-cp312-cp312-macosx_11_0_arm64.whl", hash = "sha256:2770bb0d5e3cc0e31e7318db06efcbcdb7b31bcb1a70086d3177692a02256f59", size = 178494 },
    { url = "https://files.pythonhosted.org/packages/61/94/4882c47d3ad396d91f0eda6ef16d45be3d752a332663b7361933039ed66a/cffi-1.17.0-cp312-cp312-manylinux_2_12_i686.manylinux2010_i686.manylinux_2_17_i686.manylinux2014_i686.whl", hash = "sha256:db9a30ec064129d605d0f1aedc93e00894b9334ec74ba9c6bdd08147434b33eb", size = 454459 },
    { url = "https://files.pythonhosted.org/packages/0f/7c/a6beb119ad515058c5ee1829742d96b25b2b9204ff920746f6e13bf574eb/cffi-1.17.0-cp312-cp312-manylinux_2_17_aarch64.manylinux2014_aarch64.whl", hash = "sha256:a47eef975d2b8b721775a0fa286f50eab535b9d56c70a6e62842134cf7841195", size = 478502 },
    { url = "https://files.pythonhosted.org/packages/61/8a/2575cd01a90e1eca96a30aec4b1ac101a6fae06c49d490ac2704fa9bc8ba/cffi-1.17.0-cp312-cp312-manylinux_2_17_ppc64le.manylinux2014_ppc64le.whl", hash = "sha256:f3e0992f23bbb0be00a921eae5363329253c3b86287db27092461c887b791e5e", size = 485381 },
    { url = "https://files.pythonhosted.org/packages/cd/66/85899f5a9f152db49646e0c77427173e1b77a1046de0191ab3b0b9a5e6e3/cffi-1.17.0-cp312-cp312-manylinux_2_17_s390x.manylinux2014_s390x.whl", hash = "sha256:6107e445faf057c118d5050560695e46d272e5301feffda3c41849641222a828", size = 470907 },
    { url = "https://files.pythonhosted.org/packages/00/13/150924609bf377140abe6e934ce0a57f3fc48f1fd956ec1f578ce97a4624/cffi-1.17.0-cp312-cp312-manylinux_2_17_x86_64.manylinux2014_x86_64.whl", hash = "sha256:eb862356ee9391dc5a0b3cbc00f416b48c1b9a52d252d898e5b7696a5f9fe150", size = 479074 },
    { url = "https://files.pythonhosted.org/packages/17/fd/7d73d7110155c036303b0a6462c56250e9bc2f4119d7591d27417329b4d1/cffi-1.17.0-cp312-cp312-musllinux_1_1_aarch64.whl", hash = "sha256:c1c13185b90bbd3f8b5963cd8ce7ad4ff441924c31e23c975cb150e27c2bf67a", size = 484225 },
    { url = "https://files.pythonhosted.org/packages/fc/83/8353e5c9b01bb46332dac3dfb18e6c597a04ceb085c19c814c2f78a8c0d0/cffi-1.17.0-cp312-cp312-musllinux_1_1_x86_64.whl", hash = "sha256:17c6d6d3260c7f2d94f657e6872591fe8733872a86ed1345bda872cfc8c74885", size = 488388 },
    { url = "https://files.pythonhosted.org/packages/73/0c/f9d5ca9a095b1fc88ef77d1f8b85d11151c374144e4606da33874e17b65b/cffi-1.17.0-cp312-cp312-win32.whl", hash = "sha256:c3b8bd3133cd50f6b637bb4322822c94c5ce4bf0d724ed5ae70afce62187c492", size = 172096 },
    { url = "https://files.pythonhosted.org/packages/72/21/8c5d285fe20a6e31d29325f1287bb0e55f7d93630a5a44cafdafb5922495/cffi-1.17.0-cp312-cp312-win_amd64.whl", hash = "sha256:dca802c8db0720ce1c49cce1149ff7b06e91ba15fa84b1d59144fef1a1bc7ac2", size = 181478 },
    { url = "https://files.pythonhosted.org/packages/17/8f/581f2f3c3464d5f7cf87c2f7a5ba9acc6976253e02d73804240964243ec2/cffi-1.17.0-cp313-cp313-macosx_10_13_x86_64.whl", hash = "sha256:6ce01337d23884b21c03869d2f68c5523d43174d4fc405490eb0091057943118", size = 182638 },
    { url = "https://files.pythonhosted.org/packages/8d/1c/c9afa66684b7039f48018eb11b229b659dfb32b7a16b88251bac106dd1ff/cffi-1.17.0-cp313-cp313-macosx_11_0_arm64.whl", hash = "sha256:cab2eba3830bf4f6d91e2d6718e0e1c14a2f5ad1af68a89d24ace0c6b17cced7", size = 178453 },
    { url = "https://files.pythonhosted.org/packages/cc/b6/1a134d479d3a5a1ff2fabbee551d1d3f1dd70f453e081b5f70d604aae4c0/cffi-1.17.0-cp313-cp313-manylinux_2_12_i686.manylinux2010_i686.manylinux_2_17_i686.manylinux2014_i686.whl", hash = "sha256:14b9cbc8f7ac98a739558eb86fabc283d4d564dafed50216e7f7ee62d0d25377", size = 454441 },
    { url = "https://files.pythonhosted.org/packages/b1/b4/e1569475d63aad8042b0935dbf62ae2a54d1e9142424e2b0e924d2d4a529/cffi-1.17.0-cp313-cp313-manylinux_2_17_aarch64.manylinux2014_aarch64.whl", hash = "sha256:b00e7bcd71caa0282cbe3c90966f738e2db91e64092a877c3ff7f19a1628fdcb", size = 478543 },
    { url = "https://files.pythonhosted.org/packages/d2/40/a9ad03fbd64309dec5bb70bc803a9a6772602de0ee164d7b9a6ca5a89249/cffi-1.17.0-cp313-cp313-manylinux_2_17_ppc64le.manylinux2014_ppc64le.whl", hash = "sha256:41f4915e09218744d8bae14759f983e466ab69b178de38066f7579892ff2a555", size = 485463 },
    { url = "https://files.pythonhosted.org/packages/a6/1a/f10be60e006dd9242a24bcc2b1cd55c34c578380100f742d8c610f7a5d26/cffi-1.17.0-cp313-cp313-manylinux_2_17_s390x.manylinux2014_s390x.whl", hash = "sha256:e4760a68cab57bfaa628938e9c2971137e05ce48e762a9cb53b76c9b569f1204", size = 470854 },
    { url = "https://files.pythonhosted.org/packages/cc/b3/c035ed21aa3d39432bd749fe331ee90e4bc83ea2dbed1f71c4bc26c41084/cffi-1.17.0-cp313-cp313-manylinux_2_17_x86_64.manylinux2014_x86_64.whl", hash = "sha256:011aff3524d578a9412c8b3cfaa50f2c0bd78e03eb7af7aa5e0df59b158efb2f", size = 479096 },
    { url = "https://files.pythonhosted.org/packages/00/cb/6f7edde01131de9382c89430b8e253b8c8754d66b63a62059663ceafeab2/cffi-1.17.0-cp313-cp313-musllinux_1_1_aarch64.whl", hash = "sha256:a003ac9edc22d99ae1286b0875c460351f4e101f8c9d9d2576e78d7e048f64e0", size = 484013 },
    { url = "https://files.pythonhosted.org/packages/b9/83/8e4e8c211ea940210d293e951bf06b1bfb90f2eeee590e9778e99b4a8676/cffi-1.17.0-cp313-cp313-musllinux_1_1_x86_64.whl", hash = "sha256:ef9528915df81b8f4c7612b19b8628214c65c9b7f74db2e34a646a0a2a0da2d4", size = 488119 },
    { url = "https://files.pythonhosted.org/packages/5e/52/3f7cfbc4f444cb4f73ff17b28690d12436dde665f67d68f1e1687908ab6c/cffi-1.17.0-cp313-cp313-win32.whl", hash = "sha256:70d2aa9fb00cf52034feac4b913181a6e10356019b18ef89bc7c12a283bf5f5a", size = 172122 },
    { url = "https://files.pythonhosted.org/packages/94/19/cf5baa07ee0f0e55eab7382459fbddaba0fdb0ba45973dd92556ae0d02db/cffi-1.17.0-cp313-cp313-win_amd64.whl", hash = "sha256:b7b6ea9e36d32582cda3465f54c4b454f62f23cb083ebc7a94e2ca6ef011c3a7", size = 181504 },
]

[[package]]
name = "charset-normalizer"
version = "3.3.2"
source = { registry = "https://pypi.org/simple" }
sdist = { url = "https://files.pythonhosted.org/packages/63/09/c1bc53dab74b1816a00d8d030de5bf98f724c52c1635e07681d312f20be8/charset-normalizer-3.3.2.tar.gz", hash = "sha256:f30c3cb33b24454a82faecaf01b19c18562b1e89558fb6c56de4d9118a032fd5", size = 104809 }
wheels = [
    { url = "https://files.pythonhosted.org/packages/d1/b2/fcedc8255ec42afee97f9e6f0145c734bbe104aac28300214593eb326f1d/charset_normalizer-3.3.2-cp312-cp312-macosx_10_9_universal2.whl", hash = "sha256:0b2b64d2bb6d3fb9112bafa732def486049e63de9618b5843bcdd081d8144cd8", size = 192892 },
    { url = "https://files.pythonhosted.org/packages/2e/7d/2259318c202f3d17f3fe6438149b3b9e706d1070fe3fcbb28049730bb25c/charset_normalizer-3.3.2-cp312-cp312-macosx_10_9_x86_64.whl", hash = "sha256:ddbb2551d7e0102e7252db79ba445cdab71b26640817ab1e3e3648dad515003b", size = 122213 },
    { url = "https://files.pythonhosted.org/packages/3a/52/9f9d17c3b54dc238de384c4cb5a2ef0e27985b42a0e5cc8e8a31d918d48d/charset_normalizer-3.3.2-cp312-cp312-macosx_11_0_arm64.whl", hash = "sha256:55086ee1064215781fff39a1af09518bc9255b50d6333f2e4c74ca09fac6a8f6", size = 119404 },
    { url = "https://files.pythonhosted.org/packages/99/b0/9c365f6d79a9f0f3c379ddb40a256a67aa69c59609608fe7feb6235896e1/charset_normalizer-3.3.2-cp312-cp312-manylinux_2_17_aarch64.manylinux2014_aarch64.whl", hash = "sha256:8f4a014bc36d3c57402e2977dada34f9c12300af536839dc38c0beab8878f38a", size = 137275 },
    { url = "https://files.pythonhosted.org/packages/91/33/749df346e93d7a30cdcb90cbfdd41a06026317bfbfb62cd68307c1a3c543/charset_normalizer-3.3.2-cp312-cp312-manylinux_2_17_ppc64le.manylinux2014_ppc64le.whl", hash = "sha256:a10af20b82360ab00827f916a6058451b723b4e65030c5a18577c8b2de5b3389", size = 147518 },
    { url = "https://files.pythonhosted.org/packages/72/1a/641d5c9f59e6af4c7b53da463d07600a695b9824e20849cb6eea8a627761/charset_normalizer-3.3.2-cp312-cp312-manylinux_2_17_s390x.manylinux2014_s390x.whl", hash = "sha256:8d756e44e94489e49571086ef83b2bb8ce311e730092d2c34ca8f7d925cb20aa", size = 140182 },
    { url = "https://files.pythonhosted.org/packages/ee/fb/14d30eb4956408ee3ae09ad34299131fb383c47df355ddb428a7331cfa1e/charset_normalizer-3.3.2-cp312-cp312-manylinux_2_17_x86_64.manylinux2014_x86_64.whl", hash = "sha256:90d558489962fd4918143277a773316e56c72da56ec7aa3dc3dbbe20fdfed15b", size = 141869 },
    { url = "https://files.pythonhosted.org/packages/df/3e/a06b18788ca2eb6695c9b22325b6fde7dde0f1d1838b1792a0076f58fe9d/charset_normalizer-3.3.2-cp312-cp312-manylinux_2_5_i686.manylinux1_i686.manylinux_2_17_i686.manylinux2014_i686.whl", hash = "sha256:6ac7ffc7ad6d040517be39eb591cac5ff87416c2537df6ba3cba3bae290c0fed", size = 144042 },
    { url = "https://files.pythonhosted.org/packages/45/59/3d27019d3b447a88fe7e7d004a1e04be220227760264cc41b405e863891b/charset_normalizer-3.3.2-cp312-cp312-musllinux_1_1_aarch64.whl", hash = "sha256:7ed9e526742851e8d5cc9e6cf41427dfc6068d4f5a3bb03659444b4cabf6bc26", size = 138275 },
    { url = "https://files.pythonhosted.org/packages/7b/ef/5eb105530b4da8ae37d506ccfa25057961b7b63d581def6f99165ea89c7e/charset_normalizer-3.3.2-cp312-cp312-musllinux_1_1_i686.whl", hash = "sha256:8bdb58ff7ba23002a4c5808d608e4e6c687175724f54a5dade5fa8c67b604e4d", size = 144819 },
    { url = "https://files.pythonhosted.org/packages/a2/51/e5023f937d7f307c948ed3e5c29c4b7a3e42ed2ee0b8cdf8f3a706089bf0/charset_normalizer-3.3.2-cp312-cp312-musllinux_1_1_ppc64le.whl", hash = "sha256:6b3251890fff30ee142c44144871185dbe13b11bab478a88887a639655be1068", size = 149415 },
    { url = "https://files.pythonhosted.org/packages/24/9d/2e3ef673dfd5be0154b20363c5cdcc5606f35666544381bee15af3778239/charset_normalizer-3.3.2-cp312-cp312-musllinux_1_1_s390x.whl", hash = "sha256:b4a23f61ce87adf89be746c8a8974fe1c823c891d8f86eb218bb957c924bb143", size = 141212 },
    { url = "https://files.pythonhosted.org/packages/5b/ae/ce2c12fcac59cb3860b2e2d76dc405253a4475436b1861d95fe75bdea520/charset_normalizer-3.3.2-cp312-cp312-musllinux_1_1_x86_64.whl", hash = "sha256:efcb3f6676480691518c177e3b465bcddf57cea040302f9f4e6e191af91174d4", size = 142167 },
    { url = "https://files.pythonhosted.org/packages/ed/3a/a448bf035dce5da359daf9ae8a16b8a39623cc395a2ffb1620aa1bce62b0/charset_normalizer-3.3.2-cp312-cp312-win32.whl", hash = "sha256:d965bba47ddeec8cd560687584e88cf699fd28f192ceb452d1d7ee807c5597b7", size = 93041 },
    { url = "https://files.pythonhosted.org/packages/b6/7c/8debebb4f90174074b827c63242c23851bdf00a532489fba57fef3416e40/charset_normalizer-3.3.2-cp312-cp312-win_amd64.whl", hash = "sha256:96b02a3dc4381e5494fad39be677abcb5e6634bf7b4fa83a6dd3112607547001", size = 100397 },
    { url = "https://files.pythonhosted.org/packages/28/76/e6222113b83e3622caa4bb41032d0b1bf785250607392e1b778aca0b8a7d/charset_normalizer-3.3.2-py3-none-any.whl", hash = "sha256:3e4d1f6587322d2788836a99c69062fbb091331ec940e02d12d179c1d53e25fc", size = 48543 },
]

[[package]]
name = "colorama"
version = "0.4.6"
source = { registry = "https://pypi.org/simple" }
sdist = { url = "https://files.pythonhosted.org/packages/d8/53/6f443c9a4a8358a93a6792e2acffb9d9d5cb0a5cfd8802644b7b1c9a02e4/colorama-0.4.6.tar.gz", hash = "sha256:08695f5cb7ed6e0531a20572697297273c47b8cae5a63ffc6d6ed5c201be6e44", size = 27697 }
wheels = [
    { url = "https://files.pythonhosted.org/packages/d1/d6/3965ed04c63042e047cb6a3e6ed1a63a35087b6a609aa3a15ed8ac56c221/colorama-0.4.6-py2.py3-none-any.whl", hash = "sha256:4f1d9991f5acc0ca119f9d443620b77f9d6b33703e51011c16baf57afb285fc6", size = 25335 },
]

[[package]]
name = "cryptography"
version = "43.0.0"
source = { registry = "https://pypi.org/simple" }
dependencies = [
    { name = "cffi", marker = "platform_python_implementation != 'PyPy'" },
]
sdist = { url = "https://files.pythonhosted.org/packages/69/ec/9fb9dcf4f91f0e5e76de597256c43eedefd8423aa59be95c70c4c3db426a/cryptography-43.0.0.tar.gz", hash = "sha256:b88075ada2d51aa9f18283532c9f60e72170041bba88d7f37e49cbb10275299e", size = 686873 }
wheels = [
    { url = "https://files.pythonhosted.org/packages/d3/46/dcd2eb6840b9452e7fbc52720f3dc54a85eb41e68414733379e8f98e3275/cryptography-43.0.0-cp37-abi3-macosx_10_9_universal2.whl", hash = "sha256:64c3f16e2a4fc51c0d06af28441881f98c5d91009b8caaff40cf3548089e9c74", size = 6239718 },
    { url = "https://files.pythonhosted.org/packages/e8/23/b0713319edff1d8633775b354f8b34a476e4dd5f4cd4b91e488baec3361a/cryptography-43.0.0-cp37-abi3-manylinux_2_17_aarch64.manylinux2014_aarch64.whl", hash = "sha256:3dcdedae5c7710b9f97ac6bba7e1052b95c7083c9d0e9df96e02a1932e777895", size = 3808466 },
    { url = "https://files.pythonhosted.org/packages/77/9d/0b98c73cebfd41e4fb0439fe9ce08022e8d059f51caa7afc8934fc1edcd9/cryptography-43.0.0-cp37-abi3-manylinux_2_17_x86_64.manylinux2014_x86_64.whl", hash = "sha256:3d9a1eca329405219b605fac09ecfc09ac09e595d6def650a437523fcd08dd22", size = 3998060 },
    { url = "https://files.pythonhosted.org/packages/ae/71/e073795d0d1624847f323481f7d84855f699172a632aa37646464b0e1712/cryptography-43.0.0-cp37-abi3-manylinux_2_28_aarch64.whl", hash = "sha256:ea9e57f8ea880eeea38ab5abf9fbe39f923544d7884228ec67d666abd60f5a47", size = 3792596 },
    { url = "https://files.pythonhosted.org/packages/83/25/439a8ddd8058e7f898b7d27c36f94b66c8c8a2d60e1855d725845f4be0bc/cryptography-43.0.0-cp37-abi3-manylinux_2_28_x86_64.whl", hash = "sha256:9a8d6802e0825767476f62aafed40532bd435e8a5f7d23bd8b4f5fd04cc80ecf", size = 4008355 },
    { url = "https://files.pythonhosted.org/packages/c7/a2/1607f1295eb2c30fcf2c07d7fd0c3772d21dcdb827de2b2730b02df0af51/cryptography-43.0.0-cp37-abi3-musllinux_1_2_aarch64.whl", hash = "sha256:cc70b4b581f28d0a254d006f26949245e3657d40d8857066c2ae22a61222ef55", size = 3899133 },
    { url = "https://files.pythonhosted.org/packages/5e/64/f41f42ddc9c583737c9df0093affb92c61de7d5b0d299bf644524afe31c1/cryptography-43.0.0-cp37-abi3-musllinux_1_2_x86_64.whl", hash = "sha256:4a997df8c1c2aae1e1e5ac49c2e4f610ad037fc5a3aadc7b64e39dea42249431", size = 4096946 },
    { url = "https://files.pythonhosted.org/packages/cd/cd/d165adcf3e707d6a049d44ade6ca89973549bed0ab3686fa49efdeefea53/cryptography-43.0.0-cp37-abi3-win32.whl", hash = "sha256:6e2b11c55d260d03a8cf29ac9b5e0608d35f08077d8c087be96287f43af3ccdc", size = 2616826 },
    { url = "https://files.pythonhosted.org/packages/f9/b7/38924229e84c41b0e88d7a5eed8a29d05a44364f85fbb9ddb3984b746fd2/cryptography-43.0.0-cp37-abi3-win_amd64.whl", hash = "sha256:31e44a986ceccec3d0498e16f3d27b2ee5fdf69ce2ab89b52eaad1d2f33d8778", size = 3078700 },
    { url = "https://files.pythonhosted.org/packages/66/d7/397515233e6a861f921bd0365b162b38e0cc513fcf4f1bdd9cc7bc5a3384/cryptography-43.0.0-cp39-abi3-macosx_10_9_universal2.whl", hash = "sha256:7b3f5fe74a5ca32d4d0f302ffe6680fcc5c28f8ef0dc0ae8f40c0f3a1b4fca66", size = 6242814 },
    { url = "https://files.pythonhosted.org/packages/58/aa/99b2c00a4f54c60d210d6d1759c720ecf28305aa32d6fb1bb1853f415be6/cryptography-43.0.0-cp39-abi3-manylinux_2_17_aarch64.manylinux2014_aarch64.whl", hash = "sha256:ac1955ce000cb29ab40def14fd1bbfa7af2017cca696ee696925615cafd0dce5", size = 3809467 },
    { url = "https://files.pythonhosted.org/packages/76/eb/ab783b47b3b9b55371b4361c7ec695144bde1a3343ff2b7a8c1d8fe617bb/cryptography-43.0.0-cp39-abi3-manylinux_2_17_x86_64.manylinux2014_x86_64.whl", hash = "sha256:299d3da8e00b7e2b54bb02ef58d73cd5f55fb31f33ebbf33bd00d9aa6807df7e", size = 3998617 },
    { url = "https://files.pythonhosted.org/packages/a3/62/62770f34290ebb1b6542bd3f13b3b102875b90aed4804e296f8d2a5ac6d7/cryptography-43.0.0-cp39-abi3-manylinux_2_28_aarch64.whl", hash = "sha256:ee0c405832ade84d4de74b9029bedb7b31200600fa524d218fc29bfa371e97f5", size = 3794003 },
    { url = "https://files.pythonhosted.org/packages/0f/6c/b42660b3075ff543065b2c1c5a3d9bedaadcff8ebce2ee981be2babc2934/cryptography-43.0.0-cp39-abi3-manylinux_2_28_x86_64.whl", hash = "sha256:cb013933d4c127349b3948aa8aaf2f12c0353ad0eccd715ca789c8a0f671646f", size = 4008774 },
    { url = "https://files.pythonhosted.org/packages/f7/74/028cea86db9315ba3f991e307adabf9f0aa15067011137c38b2fb2aa16eb/cryptography-43.0.0-cp39-abi3-musllinux_1_2_aarch64.whl", hash = "sha256:fdcb265de28585de5b859ae13e3846a8e805268a823a12a4da2597f1f5afc9f0", size = 3900098 },
    { url = "https://files.pythonhosted.org/packages/bd/f6/e4387edb55563e2546028ba4c634522fe727693d3cdd9ec0ecacedc75411/cryptography-43.0.0-cp39-abi3-musllinux_1_2_x86_64.whl", hash = "sha256:2905ccf93a8a2a416f3ec01b1a7911c3fe4073ef35640e7ee5296754e30b762b", size = 4096867 },
    { url = "https://files.pythonhosted.org/packages/ce/61/55560405e75432bdd9f6cf72fa516cab623b83a3f6d230791bc8fc4afeee/cryptography-43.0.0-cp39-abi3-win32.whl", hash = "sha256:47ca71115e545954e6c1d207dd13461ab81f4eccfcb1345eac874828b5e3eaaf", size = 2616481 },
    { url = "https://files.pythonhosted.org/packages/e6/3d/696e7a0f04555c58a2813d47aaa78cb5ba863c1f453c74a4f45ae772b054/cryptography-43.0.0-cp39-abi3-win_amd64.whl", hash = "sha256:0663585d02f76929792470451a5ba64424acc3cd5227b03921dab0e2f27b1709", size = 3081462 },
]

[[package]]
name = "deprecated"
version = "1.2.14"
source = { registry = "https://pypi.org/simple" }
dependencies = [
    { name = "wrapt" },
]
sdist = { url = "https://files.pythonhosted.org/packages/92/14/1e41f504a246fc224d2ac264c227975427a85caf37c3979979edb9b1b232/Deprecated-1.2.14.tar.gz", hash = "sha256:e5323eb936458dccc2582dc6f9c322c852a775a27065ff2b0c4970b9d53d01b3", size = 2974416 }
wheels = [
    { url = "https://files.pythonhosted.org/packages/20/8d/778b7d51b981a96554f29136cd59ca7880bf58094338085bcf2a979a0e6a/Deprecated-1.2.14-py2.py3-none-any.whl", hash = "sha256:6fac8b097794a90302bdbb17b9b815e732d3c4720583ff1b198499d78470466c", size = 9561 },
]

[[package]]
name = "discord-webhook"
version = "1.3.1"
source = { registry = "https://pypi.org/simple" }
dependencies = [
    { name = "requests" },
]
sdist = { url = "https://files.pythonhosted.org/packages/e8/e6/660b07356a15d98787d893f879efc404eb15176312d457f2f6f7090acd32/discord_webhook-1.3.1.tar.gz", hash = "sha256:ee3e0f3ea4f3dc8dc42be91f75b894a01624c6c13fea28e23ebcf9a6c9a304f7", size = 11715 }
wheels = [
    { url = "https://files.pythonhosted.org/packages/92/e2/eed83ebc8d88da0930143a6dd1d0ba0b6deba1fd91b956f21c23a2608510/discord_webhook-1.3.1-py3-none-any.whl", hash = "sha256:ede07028316de76d24eb811836e2b818b2017510da786777adcb0d5970e7af79", size = 13206 },
]

[[package]]
name = "h11"
version = "0.14.0"
source = { registry = "https://pypi.org/simple" }
sdist = { url = "https://files.pythonhosted.org/packages/f5/38/3af3d3633a34a3316095b39c8e8fb4853a28a536e55d347bd8d8e9a14b03/h11-0.14.0.tar.gz", hash = "sha256:8f19fbbe99e72420ff35c00b27a34cb9937e902a8b810e2c88300c6f0a3b699d", size = 100418 }
wheels = [
    { url = "https://files.pythonhosted.org/packages/95/04/ff642e65ad6b90db43e668d70ffb6736436c7ce41fcc549f4e9472234127/h11-0.14.0-py3-none-any.whl", hash = "sha256:e3fe4ac4b851c468cc8363d500db52c2ead036020723024a109d37346efaa761", size = 58259 },
]

[[package]]
name = "httpcore"
version = "1.0.5"
source = { registry = "https://pypi.org/simple" }
dependencies = [
    { name = "certifi" },
    { name = "h11" },
]
sdist = { url = "https://files.pythonhosted.org/packages/17/b0/5e8b8674f8d203335a62fdfcfa0d11ebe09e23613c3391033cbba35f7926/httpcore-1.0.5.tar.gz", hash = "sha256:34a38e2f9291467ee3b44e89dd52615370e152954ba21721378a87b2960f7a61", size = 83234 }
wheels = [
    { url = "https://files.pythonhosted.org/packages/78/d4/e5d7e4f2174f8a4d63c8897d79eb8fe2503f7ecc03282fee1fa2719c2704/httpcore-1.0.5-py3-none-any.whl", hash = "sha256:421f18bac248b25d310f3cacd198d55b8e6125c107797b609ff9b7a6ba7991b5", size = 77926 },
]

[[package]]
name = "httpx"
version = "0.27.0"
source = { registry = "https://pypi.org/simple" }
dependencies = [
    { name = "anyio" },
    { name = "certifi" },
    { name = "httpcore" },
    { name = "idna" },
    { name = "sniffio" },
]
sdist = { url = "https://files.pythonhosted.org/packages/5c/2d/3da5bdf4408b8b2800061c339f240c1802f2e82d55e50bd39c5a881f47f0/httpx-0.27.0.tar.gz", hash = "sha256:a0cb88a46f32dc874e04ee956e4c2764aba2aa228f650b06788ba6bda2962ab5", size = 126413 }
wheels = [
    { url = "https://files.pythonhosted.org/packages/41/7b/ddacf6dcebb42466abd03f368782142baa82e08fc0c1f8eaa05b4bae87d5/httpx-0.27.0-py3-none-any.whl", hash = "sha256:71d5465162c13681bff01ad59b2cc68dd838ea1f10e51574bac27103f00c91a5", size = 75590 },
]

[[package]]
name = "idna"
version = "3.8"
source = { registry = "https://pypi.org/simple" }
sdist = { url = "https://files.pythonhosted.org/packages/e8/ac/e349c5e6d4543326c6883ee9491e3921e0d07b55fdf3cce184b40d63e72a/idna-3.8.tar.gz", hash = "sha256:d838c2c0ed6fced7693d5e8ab8e734d5f8fda53a039c0164afb0b82e771e3603", size = 189467 }
wheels = [
    { url = "https://files.pythonhosted.org/packages/22/7e/d71db821f177828df9dea8c42ac46473366f191be53080e552e628aad991/idna-3.8-py3-none-any.whl", hash = "sha256:050b4e5baadcd44d760cedbd2b8e639f2ff89bbc7a5730fcc662954303377aac", size = 66894 },
]

[[package]]
name = "loguru"
version = "0.7.2"
source = { registry = "https://pypi.org/simple" }
dependencies = [
    { name = "colorama", marker = "sys_platform == 'win32'" },
    { name = "win32-setctime", marker = "sys_platform == 'win32'" },
]
sdist = { url = "https://files.pythonhosted.org/packages/9e/30/d87a423766b24db416a46e9335b9602b054a72b96a88a241f2b09b560fa8/loguru-0.7.2.tar.gz", hash = "sha256:e671a53522515f34fd406340ee968cb9ecafbc4b36c679da03c18fd8d0bd51ac", size = 145103 }
wheels = [
    { url = "https://files.pythonhosted.org/packages/03/0a/4f6fed21aa246c6b49b561ca55facacc2a44b87d65b8b92362a8e99ba202/loguru-0.7.2-py3-none-any.whl", hash = "sha256:003d71e3d3ed35f0f8984898359d65b79e5b21943f78af86aa5491210429b8eb", size = 62549 },
]

[[package]]
name = "loguru-discord"
version = "1.4.0"
source = { registry = "https://pypi.org/simple" }
dependencies = [
    { name = "discord-webhook" },
]
sdist = { url = "https://files.pythonhosted.org/packages/67/b1/1e263ae40b8506741e19c05139bb89c8f13f752721ca0c6c215d2dcf3c87/loguru_discord-1.4.0.tar.gz", hash = "sha256:eab215b84f32c43406e601f9078803e810d3ee09d7e2717556708da8dbd381a2", size = 14538 }
wheels = [
    { url = "https://files.pythonhosted.org/packages/b2/5c/567c8300194ad0833d17e2c9b6187a58a8e500969cb6641fab6703e1e0f9/loguru_discord-1.4.0-py3-none-any.whl", hash = "sha256:37ccc04a5c6de7996646734593d8ba430a0663f5cf844f79d31e6715fdf76163", size = 5407 },
]

[[package]]
name = "pycparser"
version = "2.22"
source = { registry = "https://pypi.org/simple" }
sdist = { url = "https://files.pythonhosted.org/packages/1d/b2/31537cf4b1ca988837256c910a668b553fceb8f069bedc4b1c826024b52c/pycparser-2.22.tar.gz", hash = "sha256:491c8be9c040f5390f5bf44a5b07752bd07f56edf992381b05c701439eec10f6", size = 172736 }
wheels = [
    { url = "https://files.pythonhosted.org/packages/13/a3/a812df4e2dd5696d1f351d58b8fe16a405b234ad2886a0dab9183fb78109/pycparser-2.22-py3-none-any.whl", hash = "sha256:c3702b6d3dd8c7abc1afa565d7e63d53a1d0bd86cdc24edd75470f4de499cfcc", size = 117552 },
]

[[package]]
name = "pygithub"
version = "2.3.0"
source = { registry = "https://pypi.org/simple" }
dependencies = [
    { name = "deprecated" },
    { name = "pyjwt", extra = ["crypto"] },
    { name = "pynacl" },
    { name = "requests" },
    { name = "typing-extensions" },
    { name = "urllib3" },
]
sdist = { url = "https://files.pythonhosted.org/packages/5c/fb/3af782cd3c0f2c19bc54c640af33513369d240ca748f39c0b38b371e5d1d/PyGithub-2.3.0.tar.gz", hash = "sha256:0148d7347a1cdeed99af905077010aef81a4dad988b0ba51d4108bf66b443f7e", size = 3455482 }
wheels = [
    { url = "https://files.pythonhosted.org/packages/84/2a/f7f72a06881493eeb763c207bea69f9ee4477c78200937b22b8b79f3acf9/PyGithub-2.3.0-py3-none-any.whl", hash = "sha256:65b499728be3ce7b0cd2cd760da3b32f0f4d7bc55e5e0677617f90f6564e793e", size = 354421 },
]

[[package]]
name = "pyjwt"
version = "2.9.0"
source = { registry = "https://pypi.org/simple" }
sdist = { url = "https://files.pythonhosted.org/packages/fb/68/ce067f09fca4abeca8771fe667d89cc347d1e99da3e093112ac329c6020e/pyjwt-2.9.0.tar.gz", hash = "sha256:7e1e5b56cc735432a7369cbfa0efe50fa113ebecdc04ae6922deba8b84582d0c", size = 78825 }
wheels = [
    { url = "https://files.pythonhosted.org/packages/79/84/0fdf9b18ba31d69877bd39c9cd6052b47f3761e9910c15de788e519f079f/PyJWT-2.9.0-py3-none-any.whl", hash = "sha256:3b02fb0f44517787776cf48f2ae25d8e14f300e6d7545a4315cee571a415e850", size = 22344 },
]

[package.optional-dependencies]
crypto = [
    { name = "cryptography" },
]

[[package]]
name = "pynacl"
version = "1.5.0"
source = { registry = "https://pypi.org/simple" }
dependencies = [
    { name = "cffi" },
]
sdist = { url = "https://files.pythonhosted.org/packages/a7/22/27582568be639dfe22ddb3902225f91f2f17ceff88ce80e4db396c8986da/PyNaCl-1.5.0.tar.gz", hash = "sha256:8ac7448f09ab85811607bdd21ec2464495ac8b7c66d146bf545b0f08fb9220ba", size = 3392854 }
wheels = [
    { url = "https://files.pythonhosted.org/packages/ce/75/0b8ede18506041c0bf23ac4d8e2971b4161cd6ce630b177d0a08eb0d8857/PyNaCl-1.5.0-cp36-abi3-macosx_10_10_universal2.whl", hash = "sha256:401002a4aaa07c9414132aaed7f6836ff98f59277a234704ff66878c2ee4a0d1", size = 349920 },
    { url = "https://files.pythonhosted.org/packages/59/bb/fddf10acd09637327a97ef89d2a9d621328850a72f1fdc8c08bdf72e385f/PyNaCl-1.5.0-cp36-abi3-manylinux_2_17_aarch64.manylinux2014_aarch64.manylinux_2_24_aarch64.whl", hash = "sha256:52cb72a79269189d4e0dc537556f4740f7f0a9ec41c1322598799b0bdad4ef92", size = 601722 },
    { url = "https://files.pythonhosted.org/packages/5d/70/87a065c37cca41a75f2ce113a5a2c2aa7533be648b184ade58971b5f7ccc/PyNaCl-1.5.0-cp36-abi3-manylinux_2_17_aarch64.manylinux2014_aarch64.whl", hash = "sha256:a36d4a9dda1f19ce6e03c9a784a2921a4b726b02e1c736600ca9c22029474394", size = 680087 },
    { url = "https://files.pythonhosted.org/packages/ee/87/f1bb6a595f14a327e8285b9eb54d41fef76c585a0edef0a45f6fc95de125/PyNaCl-1.5.0-cp36-abi3-manylinux_2_17_x86_64.manylinux2014_x86_64.manylinux_2_24_x86_64.whl", hash = "sha256:0c84947a22519e013607c9be43706dd42513f9e6ae5d39d3613ca1e142fba44d", size = 856678 },
    { url = "https://files.pythonhosted.org/packages/66/28/ca86676b69bf9f90e710571b67450508484388bfce09acf8a46f0b8c785f/PyNaCl-1.5.0-cp36-abi3-manylinux_2_17_x86_64.manylinux2014_x86_64.whl", hash = "sha256:06b8f6fa7f5de8d5d2f7573fe8c863c051225a27b61e6860fd047b1775807858", size = 1133660 },
    { url = "https://files.pythonhosted.org/packages/3d/85/c262db650e86812585e2bc59e497a8f59948a005325a11bbbc9ecd3fe26b/PyNaCl-1.5.0-cp36-abi3-musllinux_1_1_aarch64.whl", hash = "sha256:a422368fc821589c228f4c49438a368831cb5bbc0eab5ebe1d7fac9dded6567b", size = 663824 },
    { url = "https://files.pythonhosted.org/packages/fd/1a/cc308a884bd299b651f1633acb978e8596c71c33ca85e9dc9fa33a5399b9/PyNaCl-1.5.0-cp36-abi3-musllinux_1_1_x86_64.whl", hash = "sha256:61f642bf2378713e2c2e1de73444a3778e5f0a38be6fee0fe532fe30060282ff", size = 1117912 },
    { url = "https://files.pythonhosted.org/packages/25/2d/b7df6ddb0c2a33afdb358f8af6ea3b8c4d1196ca45497dd37a56f0c122be/PyNaCl-1.5.0-cp36-abi3-win32.whl", hash = "sha256:e46dae94e34b085175f8abb3b0aaa7da40767865ac82c928eeb9e57e1ea8a543", size = 204624 },
    { url = "https://files.pythonhosted.org/packages/5e/22/d3db169895faaf3e2eda892f005f433a62db2decbcfbc2f61e6517adfa87/PyNaCl-1.5.0-cp36-abi3-win_amd64.whl", hash = "sha256:20f42270d27e1b6a29f54032090b972d97f0a1b0948cc52392041ef7831fee93", size = 212141 },
]

[[package]]
name = "python-dotenv"
version = "1.0.1"
source = { registry = "https://pypi.org/simple" }
sdist = { url = "https://files.pythonhosted.org/packages/bc/57/e84d88dfe0aec03b7a2d4327012c1627ab5f03652216c63d49846d7a6c58/python-dotenv-1.0.1.tar.gz", hash = "sha256:e324ee90a023d808f1959c46bcbc04446a10ced277783dc6ee09987c37ec10ca", size = 39115 }
wheels = [
    { url = "https://files.pythonhosted.org/packages/6a/3e/b68c118422ec867fa7ab88444e1274aa40681c606d59ac27de5a5588f082/python_dotenv-1.0.1-py3-none-any.whl", hash = "sha256:f7b63ef50f1b690dddf550d03497b66d609393b40b564ed0d674909a68ebf16a", size = 19863 },
]

[[package]]
name = "requests"
version = "2.32.3"
source = { registry = "https://pypi.org/simple" }
dependencies = [
    { name = "certifi" },
    { name = "charset-normalizer" },
    { name = "idna" },
    { name = "urllib3" },
]
sdist = { url = "https://files.pythonhosted.org/packages/63/70/2bf7780ad2d390a8d301ad0b550f1581eadbd9a20f896afe06353c2a2913/requests-2.32.3.tar.gz", hash = "sha256:55365417734eb18255590a9ff9eb97e9e1da868d4ccd6402399eaf68af20a760", size = 131218 }
wheels = [
    { url = "https://files.pythonhosted.org/packages/f9/9b/335f9764261e915ed497fcdeb11df5dfd6f7bf257d4a6a2a686d80da4d54/requests-2.32.3-py3-none-any.whl", hash = "sha256:70761cfe03c773ceb22aa2f671b4757976145175cdfca038c02654d061d6dcc6", size = 64928 },
]

[[package]]
name = "ruff"
version = "0.6.2"
source = { registry = "https://pypi.org/simple" }
sdist = { url = "https://files.pythonhosted.org/packages/23/f4/279d044f66b79261fd37df76bf72b64471afab5d3b7906a01499c4451910/ruff-0.6.2.tar.gz", hash = "sha256:239ee6beb9e91feb8e0ec384204a763f36cb53fb895a1a364618c6abb076b3be", size = 2460281 }
wheels = [
    { url = "https://files.pythonhosted.org/packages/72/4b/47dd7a69287afb4069fa42c198e899463605460a58120196711bfcf0446b/ruff-0.6.2-py3-none-linux_armv6l.whl", hash = "sha256:5c8cbc6252deb3ea840ad6a20b0f8583caab0c5ef4f9cca21adc5a92b8f79f3c", size = 9695871 },
    { url = "https://files.pythonhosted.org/packages/ae/c3/8aac62ac4638c14a740ee76a755a925f2d0d04580ab790a9887accb729f6/ruff-0.6.2-py3-none-macosx_10_12_x86_64.whl", hash = "sha256:17002fe241e76544448a8e1e6118abecbe8cd10cf68fde635dad480dba594570", size = 9459354 },
    { url = "https://files.pythonhosted.org/packages/2f/cf/77fbd8d4617b9b9c503f9bffb8552c4e3ea1a58dc36975e7a9104ffb0f85/ruff-0.6.2-py3-none-macosx_11_0_arm64.whl", hash = "sha256:3dbeac76ed13456f8158b8f4fe087bf87882e645c8e8b606dd17b0b66c2c1158", size = 9163871 },
    { url = "https://files.pythonhosted.org/packages/05/1c/765192bab32b79efbb498b06f0b9dcb3629112b53b8777ae1d19b8209e09/ruff-0.6.2-py3-none-manylinux_2_17_aarch64.manylinux2014_aarch64.whl", hash = "sha256:094600ee88cda325988d3f54e3588c46de5c18dae09d683ace278b11f9d4d534", size = 10096250 },
    { url = "https://files.pythonhosted.org/packages/08/d0/86f3cb0f6934c99f759c232984a5204d67a26745cad2d9edff6248adf7d2/ruff-0.6.2-py3-none-manylinux_2_17_armv7l.manylinux2014_armv7l.whl", hash = "sha256:316d418fe258c036ba05fbf7dfc1f7d3d4096db63431546163b472285668132b", size = 9475376 },
    { url = "https://files.pythonhosted.org/packages/cd/cc/4c8d0e225b559a3fae6092ec310d7150d3b02b4669e9223f783ef64d82c0/ruff-0.6.2-py3-none-manylinux_2_17_i686.manylinux2014_i686.whl", hash = "sha256:d72b8b3abf8a2d51b7b9944a41307d2f442558ccb3859bbd87e6ae9be1694a5d", size = 10295634 },
    { url = "https://files.pythonhosted.org/packages/db/96/d2699cfb1bb5a01c68122af43454c76c31331e1c8a9bd97d653d7c82524b/ruff-0.6.2-py3-none-manylinux_2_17_ppc64.manylinux2014_ppc64.whl", hash = "sha256:2aed7e243be68487aa8982e91c6e260982d00da3f38955873aecd5a9204b1d66", size = 11024941 },
    { url = "https://files.pythonhosted.org/packages/8b/a9/6ecd66af8929e0f2a1ed308a4137f3521789f28f0eb97d32c2ca3aa7000c/ruff-0.6.2-py3-none-manylinux_2_17_ppc64le.manylinux2014_ppc64le.whl", hash = "sha256:d371f7fc9cec83497fe7cf5eaf5b76e22a8efce463de5f775a1826197feb9df8", size = 10606894 },
    { url = "https://files.pythonhosted.org/packages/e4/73/2ee4cd19f44992fedac1cc6db9e3d825966072f6dcbd4032f21cbd063170/ruff-0.6.2-py3-none-manylinux_2_17_s390x.manylinux2014_s390x.whl", hash = "sha256:a8f310d63af08f583363dfb844ba8f9417b558199c58a5999215082036d795a1", size = 11552886 },
    { url = "https://files.pythonhosted.org/packages/60/4c/c0f1cd35ce4a93c54a6bb1ee6934a3a205fa02198dd076678193853ceea1/ruff-0.6.2-py3-none-manylinux_2_17_x86_64.manylinux2014_x86_64.whl", hash = "sha256:7db6880c53c56addb8638fe444818183385ec85eeada1d48fc5abe045301b2f1", size = 10264945 },
    { url = "https://files.pythonhosted.org/packages/c4/89/e45c9359b9cdd4245512ea2b9f2bb128a997feaa5f726fc9e8c7a66afadf/ruff-0.6.2-py3-none-musllinux_1_2_aarch64.whl", hash = "sha256:1175d39faadd9a50718f478d23bfc1d4da5743f1ab56af81a2b6caf0a2394f23", size = 10100007 },
    { url = "https://files.pythonhosted.org/packages/06/74/0bd4e0a7ed5f6908df87892f9bf60a2356c0fd74102d8097298bd9b4f346/ruff-0.6.2-py3-none-musllinux_1_2_armv7l.whl", hash = "sha256:5b939f9c86d51635fe486585389f54582f0d65b8238e08c327c1534844b3bb9a", size = 9559267 },
    { url = "https://files.pythonhosted.org/packages/54/03/3dc6dc9419f276f05805bf888c279e3e0b631284abd548d9e87cebb93aec/ruff-0.6.2-py3-none-musllinux_1_2_i686.whl", hash = "sha256:d0d62ca91219f906caf9b187dea50d17353f15ec9bb15aae4a606cd697b49b4c", size = 9905304 },
    { url = "https://files.pythonhosted.org/packages/5c/5b/d6a72a6a6bbf097c09de468326ef5fa1c9e7aa5e6e45979bc0d984b0dbe7/ruff-0.6.2-py3-none-musllinux_1_2_x86_64.whl", hash = "sha256:7438a7288f9d67ed3c8ce4d059e67f7ed65e9fe3aa2ab6f5b4b3610e57e3cb56", size = 10341480 },
    { url = "https://files.pythonhosted.org/packages/79/a9/0f2f21fe15ba537c46598f96aa9ae4a3d4b9ec64926664617ca6a8c772f4/ruff-0.6.2-py3-none-win32.whl", hash = "sha256:279d5f7d86696df5f9549b56b9b6a7f6c72961b619022b5b7999b15db392a4da", size = 7961901 },
    { url = "https://files.pythonhosted.org/packages/b0/80/fff12ffe11853d9f4ea3e5221e6dd2e93640a161c05c9579833e09ad40a7/ruff-0.6.2-py3-none-win_amd64.whl", hash = "sha256:d9f3469c7dd43cd22eb1c3fc16926fb8258d50cb1b216658a07be95dd117b0f2", size = 8783320 },
    { url = "https://files.pythonhosted.org/packages/56/91/577cdd64cce5e74d3f8b5ecb93f29566def569c741eb008aed4f331ef821/ruff-0.6.2-py3-none-win_arm64.whl", hash = "sha256:f28fcd2cd0e02bdf739297516d5643a945cc7caf09bd9bcb4d932540a5ea4fa9", size = 8225886 },
]

[[package]]
name = "salvage"
version = "2.1.0"
source = { editable = "." }
dependencies = [
    { name = "discord-webhook" },
    { name = "httpx" },
    { name = "loguru" },
    { name = "loguru-discord" },
    { name = "pygithub" },
    { name = "python-dotenv" },
]

[package.dev-dependencies]
dev = [
    { name = "ruff" },
]

[package.metadata]
requires-dist = [
    { name = "discord-webhook", specifier = ">=1.3.1" },
    { name = "httpx", specifier = ">=0.27.0" },
    { name = "loguru", specifier = ">=0.7.2" },
    { name = "loguru-discord", specifier = ">=1.4.0" },
    { name = "pygithub", specifier = ">=2.3.0" },
    { name = "python-dotenv", specifier = ">=1.0.1" },
]

[package.metadata.requires-dev]
dev = [{ name = "ruff", specifier = ">=0.6.2" }]

[[package]]
name = "sniffio"
version = "1.3.1"
source = { registry = "https://pypi.org/simple" }
sdist = { url = "https://files.pythonhosted.org/packages/a2/87/a6771e1546d97e7e041b6ae58d80074f81b7d5121207425c964ddf5cfdbd/sniffio-1.3.1.tar.gz", hash = "sha256:f4324edc670a0f49750a81b895f35c3adb843cca46f0530f79fc1babb23789dc", size = 20372 }
wheels = [
    { url = "https://files.pythonhosted.org/packages/e9/44/75a9c9421471a6c4805dbf2356f7c181a29c1879239abab1ea2cc8f38b40/sniffio-1.3.1-py3-none-any.whl", hash = "sha256:2f6da418d1f1e0fddd844478f41680e794e6051915791a034ff65e5f100525a2", size = 10235 },
]

[[package]]
name = "typing-extensions"
version = "4.12.2"
source = { registry = "https://pypi.org/simple" }
sdist = { url = "https://files.pythonhosted.org/packages/df/db/f35a00659bc03fec321ba8bce9420de607a1d37f8342eee1863174c69557/typing_extensions-4.12.2.tar.gz", hash = "sha256:1a7ead55c7e559dd4dee8856e3a88b41225abfe1ce8df57b7c13915fe121ffb8", size = 85321 }
wheels = [
    { url = "https://files.pythonhosted.org/packages/26/9f/ad63fc0248c5379346306f8668cda6e2e2e9c95e01216d2b8ffd9ff037d0/typing_extensions-4.12.2-py3-none-any.whl", hash = "sha256:04e5ca0351e0f3f85c6853954072df659d0d13fac324d0072316b67d7794700d", size = 37438 },
]

[[package]]
name = "urllib3"
version = "2.2.2"
source = { registry = "https://pypi.org/simple" }
sdist = { url = "https://files.pythonhosted.org/packages/43/6d/fa469ae21497ddc8bc93e5877702dca7cb8f911e337aca7452b5724f1bb6/urllib3-2.2.2.tar.gz", hash = "sha256:dd505485549a7a552833da5e6063639d0d177c04f23bc3864e41e5dc5f612168", size = 292266 }
wheels = [
    { url = "https://files.pythonhosted.org/packages/ca/1c/89ffc63a9605b583d5df2be791a27bc1a42b7c32bab68d3c8f2f73a98cd4/urllib3-2.2.2-py3-none-any.whl", hash = "sha256:a448b2f64d686155468037e1ace9f2d2199776e17f0a46610480d311f73e3472", size = 121444 },
]

[[package]]
name = "win32-setctime"
version = "1.1.0"
source = { registry = "https://pypi.org/simple" }
sdist = { url = "https://files.pythonhosted.org/packages/6b/dd/f95a13d2b235a28d613ba23ebad55191514550debb968b46aab99f2e3a30/win32_setctime-1.1.0.tar.gz", hash = "sha256:15cf5750465118d6929ae4de4eb46e8edae9a5634350c01ba582df868e932cb2", size = 3676 }
wheels = [
    { url = "https://files.pythonhosted.org/packages/0a/e6/a7d828fef907843b2a5773ebff47fb79ac0c1c88d60c0ca9530ee941e248/win32_setctime-1.1.0-py3-none-any.whl", hash = "sha256:231db239e959c2fe7eb1d7dc129f11172354f98361c4fa2d6d2d7e278baa8aad", size = 3604 },
]

[[package]]
name = "wrapt"
version = "1.16.0"
source = { registry = "https://pypi.org/simple" }
sdist = { url = "https://files.pythonhosted.org/packages/95/4c/063a912e20bcef7124e0df97282a8af3ff3e4b603ce84c481d6d7346be0a/wrapt-1.16.0.tar.gz", hash = "sha256:5f370f952971e7d17c7d1ead40e49f32345a7f7a5373571ef44d800d06b1899d", size = 53972 }
wheels = [
    { url = "https://files.pythonhosted.org/packages/92/17/224132494c1e23521868cdd57cd1e903f3b6a7ba6996b7b8f077ff8ac7fe/wrapt-1.16.0-cp312-cp312-macosx_10_9_x86_64.whl", hash = "sha256:5eb404d89131ec9b4f748fa5cfb5346802e5ee8836f57d516576e61f304f3b7b", size = 37614 },
    { url = "https://files.pythonhosted.org/packages/6a/d7/cfcd73e8f4858079ac59d9db1ec5a1349bc486ae8e9ba55698cc1f4a1dff/wrapt-1.16.0-cp312-cp312-macosx_11_0_arm64.whl", hash = "sha256:9090c9e676d5236a6948330e83cb89969f433b1943a558968f659ead07cb3b36", size = 38316 },
    { url = "https://files.pythonhosted.org/packages/7e/79/5ff0a5c54bda5aec75b36453d06be4f83d5cd4932cc84b7cb2b52cee23e2/wrapt-1.16.0-cp312-cp312-manylinux_2_17_aarch64.manylinux2014_aarch64.whl", hash = "sha256:94265b00870aa407bd0cbcfd536f17ecde43b94fb8d228560a1e9d3041462d73", size = 86322 },
    { url = "https://files.pythonhosted.org/packages/c4/81/e799bf5d419f422d8712108837c1d9bf6ebe3cb2a81ad94413449543a923/wrapt-1.16.0-cp312-cp312-manylinux_2_5_i686.manylinux1_i686.manylinux_2_17_i686.manylinux2014_i686.whl", hash = "sha256:f2058f813d4f2b5e3a9eb2eb3faf8f1d99b81c3e51aeda4b168406443e8ba809", size = 79055 },
    { url = "https://files.pythonhosted.org/packages/62/62/30ca2405de6a20448ee557ab2cd61ab9c5900be7cbd18a2639db595f0b98/wrapt-1.16.0-cp312-cp312-manylinux_2_5_x86_64.manylinux1_x86_64.manylinux_2_17_x86_64.manylinux2014_x86_64.whl", hash = "sha256:98b5e1f498a8ca1858a1cdbffb023bfd954da4e3fa2c0cb5853d40014557248b", size = 87291 },
    { url = "https://files.pythonhosted.org/packages/49/4e/5d2f6d7b57fc9956bf06e944eb00463551f7d52fc73ca35cfc4c2cdb7aed/wrapt-1.16.0-cp312-cp312-musllinux_1_1_aarch64.whl", hash = "sha256:14d7dc606219cdd7405133c713f2c218d4252f2a469003f8c46bb92d5d095d81", size = 90374 },
    { url = "https://files.pythonhosted.org/packages/a6/9b/c2c21b44ff5b9bf14a83252a8b973fb84923764ff63db3e6dfc3895cf2e0/wrapt-1.16.0-cp312-cp312-musllinux_1_1_i686.whl", hash = "sha256:49aac49dc4782cb04f58986e81ea0b4768e4ff197b57324dcbd7699c5dfb40b9", size = 83896 },
    { url = "https://files.pythonhosted.org/packages/14/26/93a9fa02c6f257df54d7570dfe8011995138118d11939a4ecd82cb849613/wrapt-1.16.0-cp312-cp312-musllinux_1_1_x86_64.whl", hash = "sha256:418abb18146475c310d7a6dc71143d6f7adec5b004ac9ce08dc7a34e2babdc5c", size = 91738 },
    { url = "https://files.pythonhosted.org/packages/a2/5b/4660897233eb2c8c4de3dc7cefed114c61bacb3c28327e64150dc44ee2f6/wrapt-1.16.0-cp312-cp312-win32.whl", hash = "sha256:685f568fa5e627e93f3b52fda002c7ed2fa1800b50ce51f6ed1d572d8ab3e7fc", size = 35568 },
    { url = "https://files.pythonhosted.org/packages/5c/cc/8297f9658506b224aa4bd71906447dea6bb0ba629861a758c28f67428b91/wrapt-1.16.0-cp312-cp312-win_amd64.whl", hash = "sha256:dcdba5c86e368442528f7060039eda390cc4091bfd1dca41e8046af7c910dda8", size = 37653 },
    { url = "https://files.pythonhosted.org/packages/ff/21/abdedb4cdf6ff41ebf01a74087740a709e2edb146490e4d9beea054b0b7a/wrapt-1.16.0-py3-none-any.whl", hash = "sha256:6906c4100a8fcbf2fa735f6059214bb13b97f75b1a61777fcf6432121ef12ef1", size = 23362 },
]
